
Microsoft Visual Studio Solution File, Format Version 12.00
# Visual Studio Version 16
VisualStudioVersion = 16.0.30104.148
MinimumVisualStudioVersion = 10.0.40219.1
Project("{FAE04EC0-301F-11D3-BF4B-00C04F79EFBC}") = "EmeraldTechnology", "EmeraldTechnology\EmeraldTechnology.csproj", "{53B597BF-9876-4C94-9660-EA23F9B29276}"
EndProject
Global
	GlobalSection(SolutionConfigurationPlatforms) = preSolution
		Debug|Any CPU = Debug|Any CPU
		Release|Any CPU = Release|Any CPU
	EndGlobalSection
	GlobalSection(ProjectConfigurationPlatforms) = postSolution
		{53B597BF-9876-4C94-9660-EA23F9B29276}.Debug|Any CPU.ActiveCfg = Debug|Any CPU
		{53B597BF-9876-4C94-9660-EA23F9B29276}.Debug|Any CPU.Build.0 = Debug|Any CPU
		{53B597BF-9876-4C94-9660-EA23F9B29276}.Release|Any CPU.ActiveCfg = Release|Any CPU
		{53B597BF-9876-4C94-9660-EA23F9B29276}.Release|Any CPU.Build.0 = Release|Any CPU
	EndGlobalSection
	GlobalSection(SolutionProperties) = preSolution
		HideSolutionNode = FALSE
	EndGlobalSection
	GlobalSection(ExtensibilityGlobals) = postSolution
		SolutionGuid = {B6B5A2ED-7601-4C93-8262-770C211CC0CA}
	EndGlobalSection
EndGlobal
